
Microsoft Visual Studio Solution File, Format Version 12.00
# Visual Studio Version 16
VisualStudioVersion = 16.0.31205.134
MinimumVisualStudioVersion = 10.0.40219.1
Project("{FAE04EC0-301F-11D3-BF4B-00C04F79EFBC}") = "GestaoDeEquipamentos.ConsoleApp1", "GestaoDeEquipamentos.ConsoleApp1\GestaoDeEquipamentos.ConsoleApp1.csproj", "{D70633B9-37AC-4BBD-A478-BA76CAFCFC84}"
EndProject
Global
	GlobalSection(SolutionConfigurationPlatforms) = preSolution
		Debug|Any CPU = Debug|Any CPU
		Release|Any CPU = Release|Any CPU
	EndGlobalSection
	GlobalSection(ProjectConfigurationPlatforms) = postSolution
		{D70633B9-37AC-4BBD-A478-BA76CAFCFC84}.Debug|Any CPU.ActiveCfg = Debug|Any CPU
		{D70633B9-37AC-4BBD-A478-BA76CAFCFC84}.Debug|Any CPU.Build.0 = Debug|Any CPU
		{D70633B9-37AC-4BBD-A478-BA76CAFCFC84}.Release|Any CPU.ActiveCfg = Release|Any CPU
		{D70633B9-37AC-4BBD-A478-BA76CAFCFC84}.Release|Any CPU.Build.0 = Release|Any CPU
	EndGlobalSection
	GlobalSection(SolutionProperties) = preSolution
		HideSolutionNode = FALSE
	EndGlobalSection
	GlobalSection(ExtensibilityGlobals) = postSolution
		SolutionGuid = {70BE6B8C-2520-4497-9B3B-AF3C2608DF57}
	EndGlobalSection
EndGlobal
